// !$*UTF8*$!
{
	archiveVersion = 1;
	classes = {
	};
	objectVersion = 50;
	objects = {

/* Begin PBXBuildFile section */
		901E6DBF2676859900946C32 /* Extensions.swift in Sources */ = {isa = PBXBuildFile; fileRef = 901E6DBE2676859900946C32 /* Extensions.swift */; };
		90439BAB2674202C0057858F /* EventsDetailViewController.swift in Sources */ = {isa = PBXBuildFile; fileRef = 90439BAA2674202C0057858F /* EventsDetailViewController.swift */; };
		905F42FA2676909000AE06D5 /* Helpers.swift in Sources */ = {isa = PBXBuildFile; fileRef = 905F42F92676909000AE06D5 /* Helpers.swift */; };
		908429FD267184BB0061485E /* SeatGeekDataTests.swift in Sources */ = {isa = PBXBuildFile; fileRef = 908429FC267184BB0061485E /* SeatGeekDataTests.swift */; };
		908429FF267187840061485E /* SeatGeekEventsSampleResponse.json in Resources */ = {isa = PBXBuildFile; fileRef = 908429FE267187840061485E /* SeatGeekEventsSampleResponse.json */; };
		90842A012671A2640061485E /* Event.swift in Sources */ = {isa = PBXBuildFile; fileRef = 90842A002671A2640061485E /* Event.swift */; };
		90BEB1B3266FE7A4006ECD93 /* AppDelegate.swift in Sources */ = {isa = PBXBuildFile; fileRef = 90BEB1B2266FE7A4006ECD93 /* AppDelegate.swift */; };
		90BEB1B5266FE7A4006ECD93 /* SceneDelegate.swift in Sources */ = {isa = PBXBuildFile; fileRef = 90BEB1B4266FE7A4006ECD93 /* SceneDelegate.swift */; };
		90BEB1B7266FE7A4006ECD93 /* EventsViewController.swift in Sources */ = {isa = PBXBuildFile; fileRef = 90BEB1B6266FE7A4006ECD93 /* EventsViewController.swift */; };
		90BEB1BF266FE7A7006ECD93 /* Assets.xcassets in Resources */ = {isa = PBXBuildFile; fileRef = 90BEB1BE266FE7A7006ECD93 /* Assets.xcassets */; };
		90BEB1C2266FE7A7006ECD93 /* LaunchScreen.storyboard in Resources */ = {isa = PBXBuildFile; fileRef = 90BEB1C0266FE7A7006ECD93 /* LaunchScreen.storyboard */; };
		90BEB1E9266FE950006ECD93 /* EventTableViewCell.swift in Sources */ = {isa = PBXBuildFile; fileRef = 90BEB1E8266FE950006ECD93 /* EventTableViewCell.swift */; };
		90BEB1EB26715CE5006ECD93 /* APIResponse.swift in Sources */ = {isa = PBXBuildFile; fileRef = 90BEB1EA26715CE5006ECD93 /* APIResponse.swift */; };
		90BEB1ED26715D02006ECD93 /* Constants.swift in Sources */ = {isa = PBXBuildFile; fileRef = 90BEB1EC26715D02006ECD93 /* Constants.swift */; };
		90BEB1EF267168B5006ECD93 /* NetworkManager.swift in Sources */ = {isa = PBXBuildFile; fileRef = 90BEB1EE267168B5006ECD93 /* NetworkManager.swift */; };
/* End PBXBuildFile section */

/* Begin PBXContainerItemProxy section */
		908429F7267184030061485E /* PBXContainerItemProxy */ = {
			isa = PBXContainerItemProxy;
			containerPortal = 90BEB1A7266FE7A3006ECD93 /* Project object */;
			proxyType = 1;
			remoteGlobalIDString = 90BEB1AE266FE7A4006ECD93;
			remoteInfo = FetchRewards;
		};
/* End PBXContainerItemProxy section */

/* Begin PBXFileReference section */
		901E6DBE2676859900946C32 /* Extensions.swift */ = {isa = PBXFileReference; lastKnownFileType = sourcecode.swift; path = Extensions.swift; sourceTree = "<group>"; };
		90439BAA2674202C0057858F /* EventsDetailViewController.swift */ = {isa = PBXFileReference; lastKnownFileType = sourcecode.swift; path = EventsDetailViewController.swift; sourceTree = "<group>"; };
		905F42F92676909000AE06D5 /* Helpers.swift */ = {isa = PBXFileReference; lastKnownFileType = sourcecode.swift; path = Helpers.swift; sourceTree = "<group>"; };
		908429F2267184030061485E /* FetchRewardsTests.xctest */ = {isa = PBXFileReference; explicitFileType = wrapper.cfbundle; includeInIndex = 0; path = FetchRewardsTests.xctest; sourceTree = BUILT_PRODUCTS_DIR; };
		908429F6267184030061485E /* Info.plist */ = {isa = PBXFileReference; lastKnownFileType = text.plist.xml; path = Info.plist; sourceTree = "<group>"; };
		908429FC267184BB0061485E /* SeatGeekDataTests.swift */ = {isa = PBXFileReference; lastKnownFileType = sourcecode.swift; path = SeatGeekDataTests.swift; sourceTree = "<group>"; };
		908429FE267187840061485E /* SeatGeekEventsSampleResponse.json */ = {isa = PBXFileReference; lastKnownFileType = text.json; path = SeatGeekEventsSampleResponse.json; sourceTree = "<group>"; };
		90842A002671A2640061485E /* Event.swift */ = {isa = PBXFileReference; lastKnownFileType = sourcecode.swift; path = Event.swift; sourceTree = "<group>"; };
		90BEB1AF266FE7A4006ECD93 /* FetchRewards.app */ = {isa = PBXFileReference; explicitFileType = wrapper.application; includeInIndex = 0; path = FetchRewards.app; sourceTree = BUILT_PRODUCTS_DIR; };
		90BEB1B2266FE7A4006ECD93 /* AppDelegate.swift */ = {isa = PBXFileReference; lastKnownFileType = sourcecode.swift; path = AppDelegate.swift; sourceTree = "<group>"; };
		90BEB1B4266FE7A4006ECD93 /* SceneDelegate.swift */ = {isa = PBXFileReference; lastKnownFileType = sourcecode.swift; path = SceneDelegate.swift; sourceTree = "<group>"; };
		90BEB1B6266FE7A4006ECD93 /* EventsViewController.swift */ = {isa = PBXFileReference; lastKnownFileType = sourcecode.swift; path = EventsViewController.swift; sourceTree = "<group>"; };
		90BEB1BE266FE7A7006ECD93 /* Assets.xcassets */ = {isa = PBXFileReference; lastKnownFileType = folder.assetcatalog; path = Assets.xcassets; sourceTree = "<group>"; };
		90BEB1C1266FE7A7006ECD93 /* Base */ = {isa = PBXFileReference; lastKnownFileType = file.storyboard; name = Base; path = Base.lproj/LaunchScreen.storyboard; sourceTree = "<group>"; };
		90BEB1C3266FE7A7006ECD93 /* Info.plist */ = {isa = PBXFileReference; lastKnownFileType = text.plist.xml; path = Info.plist; sourceTree = "<group>"; };
		90BEB1E8266FE950006ECD93 /* EventTableViewCell.swift */ = {isa = PBXFileReference; lastKnownFileType = sourcecode.swift; path = EventTableViewCell.swift; sourceTree = "<group>"; };
		90BEB1EA26715CE5006ECD93 /* APIResponse.swift */ = {isa = PBXFileReference; lastKnownFileType = sourcecode.swift; path = APIResponse.swift; sourceTree = "<group>"; };
		90BEB1EC26715D02006ECD93 /* Constants.swift */ = {isa = PBXFileReference; lastKnownFileType = sourcecode.swift; path = Constants.swift; sourceTree = "<group>"; };
		90BEB1EE267168B5006ECD93 /* NetworkManager.swift */ = {isa = PBXFileReference; lastKnownFileType = sourcecode.swift; path = NetworkManager.swift; sourceTree = "<group>"; };
/* End PBXFileReference section */

/* Begin PBXFrameworksBuildPhase section */
		908429EF267184030061485E /* Frameworks */ = {
			isa = PBXFrameworksBuildPhase;
			buildActionMask = 2147483647;
			files = (
			);
			runOnlyForDeploymentPostprocessing = 0;
		};
		90BEB1AC266FE7A4006ECD93 /* Frameworks */ = {
			isa = PBXFrameworksBuildPhase;
			buildActionMask = 2147483647;
			files = (
			);
			runOnlyForDeploymentPostprocessing = 0;
		};
/* End PBXFrameworksBuildPhase section */

/* Begin PBXGroup section */
		901E6DBD2676858B00946C32 /* Utilities */ = {
			isa = PBXGroup;
			children = (
				90BEB1EC26715D02006ECD93 /* Constants.swift */,
				901E6DBE2676859900946C32 /* Extensions.swift */,
				905F42F92676909000AE06D5 /* Helpers.swift */,
			);
			path = Utilities;
			sourceTree = "<group>";
		};
		908429F3267184030061485E /* FetchRewardsTests */ = {
			isa = PBXGroup;
			children = (
				908429FC267184BB0061485E /* SeatGeekDataTests.swift */,
				908429FE267187840061485E /* SeatGeekEventsSampleResponse.json */,
				908429F6267184030061485E /* Info.plist */,
			);
			path = FetchRewardsTests;
			sourceTree = "<group>";
		};
		90BEB1A6266FE7A3006ECD93 = {
			isa = PBXGroup;
			children = (
				90BEB1B1266FE7A4006ECD93 /* FetchRewards */,
				908429F3267184030061485E /* FetchRewardsTests */,
				90BEB1B0266FE7A4006ECD93 /* Products */,
			);
			sourceTree = "<group>";
		};
		90BEB1B0266FE7A4006ECD93 /* Products */ = {
			isa = PBXGroup;
			children = (
				90BEB1AF266FE7A4006ECD93 /* FetchRewards.app */,
				908429F2267184030061485E /* FetchRewardsTests.xctest */,
			);
			name = Products;
			sourceTree = "<group>";
		};
		90BEB1B1266FE7A4006ECD93 /* FetchRewards */ = {
			isa = PBXGroup;
			children = (
				901E6DBD2676858B00946C32 /* Utilities */,
				90BEB1B2266FE7A4006ECD93 /* AppDelegate.swift */,
				90BEB1B4266FE7A4006ECD93 /* SceneDelegate.swift */,
				90BEB1C0266FE7A7006ECD93 /* LaunchScreen.storyboard */,
				90BEB1C3266FE7A7006ECD93 /* Info.plist */,
				90BEB1BE266FE7A7006ECD93 /* Assets.xcassets */,
				90BEB1E5266FE8BA006ECD93 /* Model */,
				90BEB1E6266FE8C1006ECD93 /* Views */,
				90BEB1E7266FE8C8006ECD93 /* Controllers */,
				90BEB1F0267168CF006ECD93 /* Managers */,
			);
			path = FetchRewards;
			sourceTree = "<group>";
		};
		90BEB1E5266FE8BA006ECD93 /* Model */ = {
			isa = PBXGroup;
			children = (
				90842A002671A2640061485E /* Event.swift */,
				90BEB1EA26715CE5006ECD93 /* APIResponse.swift */,
			);
			path = Model;
			sourceTree = "<group>";
		};
		90BEB1E6266FE8C1006ECD93 /* Views */ = {
			isa = PBXGroup;
			children = (
				90BEB1E8266FE950006ECD93 /* EventTableViewCell.swift */,
			);
			path = Views;
			sourceTree = "<group>";
		};
		90BEB1E7266FE8C8006ECD93 /* Controllers */ = {
			isa = PBXGroup;
			children = (
				90BEB1B6266FE7A4006ECD93 /* EventsViewController.swift */,
				90439BAA2674202C0057858F /* EventsDetailViewController.swift */,
			);
			path = Controllers;
			sourceTree = "<group>";
		};
		90BEB1F0267168CF006ECD93 /* Managers */ = {
			isa = PBXGroup;
			children = (
				90BEB1EE267168B5006ECD93 /* NetworkManager.swift */,
			);
			path = Managers;
			sourceTree = "<group>";
		};
/* End PBXGroup section */

/* Begin PBXNativeTarget section */
		908429F1267184030061485E /* FetchRewardsTests */ = {
			isa = PBXNativeTarget;
			buildConfigurationList = 908429F9267184030061485E /* Build configuration list for PBXNativeTarget "FetchRewardsTests" */;
			buildPhases = (
				908429EE267184030061485E /* Sources */,
				908429EF267184030061485E /* Frameworks */,
				908429F0267184030061485E /* Resources */,
			);
			buildRules = (
			);
			dependencies = (
				908429F8267184030061485E /* PBXTargetDependency */,
			);
			name = FetchRewardsTests;
			productName = FetchRewardsTests;
			productReference = 908429F2267184030061485E /* FetchRewardsTests.xctest */;
			productType = "com.apple.product-type.bundle.unit-test";
		};
		90BEB1AE266FE7A4006ECD93 /* FetchRewards */ = {
			isa = PBXNativeTarget;
			buildConfigurationList = 90BEB1DC266FE7A7006ECD93 /* Build configuration list for PBXNativeTarget "FetchRewards" */;
			buildPhases = (
				90BEB1AB266FE7A4006ECD93 /* Sources */,
				90BEB1AC266FE7A4006ECD93 /* Frameworks */,
				90BEB1AD266FE7A4006ECD93 /* Resources */,
			);
			buildRules = (
			);
			dependencies = (
			);
			name = FetchRewards;
			productName = FetchRewards;
			productReference = 90BEB1AF266FE7A4006ECD93 /* FetchRewards.app */;
			productType = "com.apple.product-type.application";
		};
/* End PBXNativeTarget section */

/* Begin PBXProject section */
		90BEB1A7266FE7A3006ECD93 /* Project object */ = {
			isa = PBXProject;
			attributes = {
				LastSwiftUpdateCheck = 1250;
				LastUpgradeCheck = 1250;
				TargetAttributes = {
					908429F1267184030061485E = {
						CreatedOnToolsVersion = 12.5;
						TestTargetID = 90BEB1AE266FE7A4006ECD93;
					};
					90BEB1AE266FE7A4006ECD93 = {
						CreatedOnToolsVersion = 12.5;
					};
				};
			};
			buildConfigurationList = 90BEB1AA266FE7A3006ECD93 /* Build configuration list for PBXProject "FetchRewards" */;
			compatibilityVersion = "Xcode 9.3";
			developmentRegion = en;
			hasScannedForEncodings = 0;
			knownRegions = (
				en,
				Base,
			);
			mainGroup = 90BEB1A6266FE7A3006ECD93;
			productRefGroup = 90BEB1B0266FE7A4006ECD93 /* Products */;
			projectDirPath = "";
			projectRoot = "";
			targets = (
				90BEB1AE266FE7A4006ECD93 /* FetchRewards */,
				908429F1267184030061485E /* FetchRewardsTests */,
			);
		};
/* End PBXProject section */

/* Begin PBXResourcesBuildPhase section */
		908429F0267184030061485E /* Resources */ = {
			isa = PBXResourcesBuildPhase;
			buildActionMask = 2147483647;
			files = (
				908429FF267187840061485E /* SeatGeekEventsSampleResponse.json in Resources */,
			);
			runOnlyForDeploymentPostprocessing = 0;
		};
		90BEB1AD266FE7A4006ECD93 /* Resources */ = {
			isa = PBXResourcesBuildPhase;
			buildActionMask = 2147483647;
			files = (
				90BEB1C2266FE7A7006ECD93 /* LaunchScreen.storyboard in Resources */,
				90BEB1BF266FE7A7006ECD93 /* Assets.xcassets in Resources */,
			);
			runOnlyForDeploymentPostprocessing = 0;
		};
/* End PBXResourcesBuildPhase section */

/* Begin PBXSourcesBuildPhase section */
		908429EE267184030061485E /* Sources */ = {
			isa = PBXSourcesBuildPhase;
			buildActionMask = 2147483647;
			files = (
				908429FD267184BB0061485E /* SeatGeekDataTests.swift in Sources */,
			);
			runOnlyForDeploymentPostprocessing = 0;
		};
		90BEB1AB266FE7A4006ECD93 /* Sources */ = {
			isa = PBXSourcesBuildPhase;
			buildActionMask = 2147483647;
			files = (
				90BEB1EB26715CE5006ECD93 /* APIResponse.swift in Sources */,
				90BEB1B7266FE7A4006ECD93 /* EventsViewController.swift in Sources */,
				90439BAB2674202C0057858F /* EventsDetailViewController.swift in Sources */,
				90BEB1B3266FE7A4006ECD93 /* AppDelegate.swift in Sources */,
				90BEB1E9266FE950006ECD93 /* EventTableViewCell.swift in Sources */,
				90BEB1EF267168B5006ECD93 /* NetworkManager.swift in Sources */,
				90BEB1ED26715D02006ECD93 /* Constants.swift in Sources */,
				905F42FA2676909000AE06D5 /* Helpers.swift in Sources */,
				90842A012671A2640061485E /* Event.swift in Sources */,
				90BEB1B5266FE7A4006ECD93 /* SceneDelegate.swift in Sources */,
				901E6DBF2676859900946C32 /* Extensions.swift in Sources */,
			);
			runOnlyForDeploymentPostprocessing = 0;
		};
/* End PBXSourcesBuildPhase section */

/* Begin PBXTargetDependency section */
		908429F8267184030061485E /* PBXTargetDependency */ = {
			isa = PBXTargetDependency;
			target = 90BEB1AE266FE7A4006ECD93 /* FetchRewards */;
			targetProxy = 908429F7267184030061485E /* PBXContainerItemProxy */;
		};
/* End PBXTargetDependency section */

/* Begin PBXVariantGroup section */
		90BEB1C0266FE7A7006ECD93 /* LaunchScreen.storyboard */ = {
			isa = PBXVariantGroup;
			children = (
				90BEB1C1266FE7A7006ECD93 /* Base */,
			);
			name = LaunchScreen.storyboard;
			sourceTree = "<group>";
		};
/* End PBXVariantGroup section */

/* Begin XCBuildConfiguration section */
		908429FA267184030061485E /* Debug */ = {
			isa = XCBuildConfiguration;
			buildSettings = {
				BUNDLE_LOADER = "$(TEST_HOST)";
				CODE_SIGN_STYLE = Automatic;
				DEVELOPMENT_TEAM = M28B8923AA;
				INFOPLIST_FILE = FetchRewardsTests/Info.plist;
				IPHONEOS_DEPLOYMENT_TARGET = 14.5;
				LD_RUNPATH_SEARCH_PATHS = (
					"$(inherited)",
					"@executable_path/Frameworks",
					"@loader_path/Frameworks",
				);
				PRODUCT_BUNDLE_IDENTIFIER = com.lawrencedizon.FetchRewardsTests;
				PRODUCT_NAME = "$(TARGET_NAME)";
				SWIFT_VERSION = 5.0;
				TARGETED_DEVICE_FAMILY = "1,2";
				TEST_HOST = "$(BUILT_PRODUCTS_DIR)/FetchRewards.app/FetchRewards";
			};
			name = Debug;
		};
		908429FB267184030061485E /* Release */ = {
			isa = XCBuildConfiguration;
			buildSettings = {
				BUNDLE_LOADER = "$(TEST_HOST)";
				CODE_SIGN_STYLE = Automatic;
				DEVELOPMENT_TEAM = M28B8923AA;
				INFOPLIST_FILE = FetchRewardsTests/Info.plist;
				IPHONEOS_DEPLOYMENT_TARGET = 14.5;
				LD_RUNPATH_SEARCH_PATHS = (
					"$(inherited)",
					"@executable_path/Frameworks",
					"@loader_path/Frameworks",
				);
				PRODUCT_BUNDLE_IDENTIFIER = com.lawrencedizon.FetchRewardsTests;
				PRODUCT_NAME = "$(TARGET_NAME)";
				SWIFT_VERSION = 5.0;
				TARGETED_DEVICE_FAMILY = "1,2";
				TEST_HOST = "$(BUILT_PRODUCTS_DIR)/FetchRewards.app/FetchRewards";
			};
			name = Release;
		};
		90BEB1DA266FE7A7006ECD93 /* Debug */ = {
			isa = XCBuildConfiguration;
			buildSettings = {
				ALWAYS_SEARCH_USER_PATHS = NO;
				CLANG_ANALYZER_NONNULL = YES;
				CLANG_ANALYZER_NUMBER_OBJECT_CONVERSION = YES_AGGRESSIVE;
				CLANG_CXX_LANGUAGE_STANDARD = "gnu++14";
				CLANG_CXX_LIBRARY = "libc++";
				CLANG_ENABLE_MODULES = YES;
				CLANG_ENABLE_OBJC_ARC = YES;
				CLANG_ENABLE_OBJC_WEAK = YES;
				CLANG_WARN_BLOCK_CAPTURE_AUTORELEASING = YES;
				CLANG_WARN_BOOL_CONVERSION = YES;
				CLANG_WARN_COMMA = YES;
				CLANG_WARN_CONSTANT_CONVERSION = YES;
				CLANG_WARN_DEPRECATED_OBJC_IMPLEMENTATIONS = YES;
				CLANG_WARN_DIRECT_OBJC_ISA_USAGE = YES_ERROR;
				CLANG_WARN_DOCUMENTATION_COMMENTS = YES;
				CLANG_WARN_EMPTY_BODY = YES;
				CLANG_WARN_ENUM_CONVERSION = YES;
				CLANG_WARN_INFINITE_RECURSION = YES;
				CLANG_WARN_INT_CONVERSION = YES;
				CLANG_WARN_NON_LITERAL_NULL_CONVERSION = YES;
				CLANG_WARN_OBJC_IMPLICIT_RETAIN_SELF = YES;
				CLANG_WARN_OBJC_LITERAL_CONVERSION = YES;
				CLANG_WARN_OBJC_ROOT_CLASS = YES_ERROR;
				CLANG_WARN_QUOTED_INCLUDE_IN_FRAMEWORK_HEADER = YES;
				CLANG_WARN_RANGE_LOOP_ANALYSIS = YES;
				CLANG_WARN_STRICT_PROTOTYPES = YES;
				CLANG_WARN_SUSPICIOUS_MOVE = YES;
				CLANG_WARN_UNGUARDED_AVAILABILITY = YES_AGGRESSIVE;
				CLANG_WARN_UNREACHABLE_CODE = YES;
				CLANG_WARN__DUPLICATE_METHOD_MATCH = YES;
				COPY_PHASE_STRIP = NO;
				DEBUG_INFORMATION_FORMAT = dwarf;
				ENABLE_STRICT_OBJC_MSGSEND = YES;
				ENABLE_TESTABILITY = YES;
				GCC_C_LANGUAGE_STANDARD = gnu11;
				GCC_DYNAMIC_NO_PIC = NO;
				GCC_NO_COMMON_BLOCKS = YES;
				GCC_OPTIMIZATION_LEVEL = 0;
				GCC_PREPROCESSOR_DEFINITIONS = (
					"DEBUG=1",
					"$(inherited)",
				);
				GCC_WARN_64_TO_32_BIT_CONVERSION = YES;
				GCC_WARN_ABOUT_RETURN_TYPE = YES_ERROR;
				GCC_WARN_UNDECLARED_SELECTOR = YES;
				GCC_WARN_UNINITIALIZED_AUTOS = YES_AGGRESSIVE;
				GCC_WARN_UNUSED_FUNCTION = YES;
				GCC_WARN_UNUSED_VARIABLE = YES;
				IPHONEOS_DEPLOYMENT_TARGET = 11.4;
				MTL_ENABLE_DEBUG_INFO = INCLUDE_SOURCE;
				MTL_FAST_MATH = YES;
				ONLY_ACTIVE_ARCH = YES;
				SDKROOT = iphoneos;
				SWIFT_ACTIVE_COMPILATION_CONDITIONS = DEBUG;
				SWIFT_OPTIMIZATION_LEVEL = "-Onone";
			};
			name = Debug;
		};
		90BEB1DB266FE7A7006ECD93 /* Release */ = {
			isa = XCBuildConfiguration;
			buildSettings = {
				ALWAYS_SEARCH_USER_PATHS = NO;
				CLANG_ANALYZER_NONNULL = YES;
				CLANG_ANALYZER_NUMBER_OBJECT_CONVERSION = YES_AGGRESSIVE;
				CLANG_CXX_LANGUAGE_STANDARD = "gnu++14";
				CLANG_CXX_LIBRARY = "libc++";
				CLANG_ENABLE_MODULES = YES;
				CLANG_ENABLE_OBJC_ARC = YES;
				CLANG_ENABLE_OBJC_WEAK = YES;
				CLANG_WARN_BLOCK_CAPTURE_AUTORELEASING = YES;
				CLANG_WARN_BOOL_CONVERSION = YES;
				CLANG_WARN_COMMA = YES;
				CLANG_WARN_CONSTANT_CONVERSION = YES;
				CLANG_WARN_DEPRECATED_OBJC_IMPLEMENTATIONS = YES;
				CLANG_WARN_DIRECT_OBJC_ISA_USAGE = YES_ERROR;
				CLANG_WARN_DOCUMENTATION_COMMENTS = YES;
				CLANG_WARN_EMPTY_BODY = YES;
				CLANG_WARN_ENUM_CONVERSION = YES;
				CLANG_WARN_INFINITE_RECURSION = YES;
				CLANG_WARN_INT_CONVERSION = YES;
				CLANG_WARN_NON_LITERAL_NULL_CONVERSION = YES;
				CLANG_WARN_OBJC_IMPLICIT_RETAIN_SELF = YES;
				CLANG_WARN_OBJC_LITERAL_CONVERSION = YES;
				CLANG_WARN_OBJC_ROOT_CLASS = YES_ERROR;
				CLANG_WARN_QUOTED_INCLUDE_IN_FRAMEWORK_HEADER = YES;
				CLANG_WARN_RANGE_LOOP_ANALYSIS = YES;
				CLANG_WARN_STRICT_PROTOTYPES = YES;
				CLANG_WARN_SUSPICIOUS_MOVE = YES;
				CLANG_WARN_UNGUARDED_AVAILABILITY = YES_AGGRESSIVE;
				CLANG_WARN_UNREACHABLE_CODE = YES;
				CLANG_WARN__DUPLICATE_METHOD_MATCH = YES;
				COPY_PHASE_STRIP = NO;
				DEBUG_INFORMATION_FORMAT = "dwarf-with-dsym";
				ENABLE_NS_ASSERTIONS = NO;
				ENABLE_STRICT_OBJC_MSGSEND = YES;
				GCC_C_LANGUAGE_STANDARD = gnu11;
				GCC_NO_COMMON_BLOCKS = YES;
				GCC_WARN_64_TO_32_BIT_CONVERSION = YES;
				GCC_WARN_ABOUT_RETURN_TYPE = YES_ERROR;
				GCC_WARN_UNDECLARED_SELECTOR = YES;
				GCC_WARN_UNINITIALIZED_AUTOS = YES_AGGRESSIVE;
				GCC_WARN_UNUSED_FUNCTION = YES;
				GCC_WARN_UNUSED_VARIABLE = YES;
				IPHONEOS_DEPLOYMENT_TARGET = 11.4;
				MTL_ENABLE_DEBUG_INFO = NO;
				MTL_FAST_MATH = YES;
				SDKROOT = iphoneos;
				SWIFT_COMPILATION_MODE = wholemodule;
				SWIFT_OPTIMIZATION_LEVEL = "-O";
				VALIDATE_PRODUCT = YES;
			};
			name = Release;
		};
		90BEB1DD266FE7A7006ECD93 /* Debug */ = {
			isa = XCBuildConfiguration;
			buildSettings = {
				ASSETCATALOG_COMPILER_APPICON_NAME = AppIcon;
				ASSETCATALOG_COMPILER_GLOBAL_ACCENT_COLOR_NAME = AccentColor;
				CODE_SIGN_STYLE = Automatic;
				DEVELOPMENT_TEAM = M28B8923AA;
				INFOPLIST_FILE = FetchRewards/Info.plist;
				LD_RUNPATH_SEARCH_PATHS = (
					"$(inherited)",
					"@executable_path/Frameworks",
				);
				ONLY_ACTIVE_ARCH = NO;
				PRODUCT_BUNDLE_IDENTIFIER = com.lawrencedizon.FetchRewards;
				PRODUCT_NAME = "$(TARGET_NAME)";
				SWIFT_VERSION = 5.0;
				TARGETED_DEVICE_FAMILY = "1,2";
			};
			name = Debug;
		};
		90BEB1DE266FE7A7006ECD93 /* Release */ = {
			isa = XCBuildConfiguration;
			buildSettings = {
				ASSETCATALOG_COMPILER_APPICON_NAME = AppIcon;
				ASSETCATALOG_COMPILER_GLOBAL_ACCENT_COLOR_NAME = AccentColor;
				CODE_SIGN_STYLE = Automatic;
				DEVELOPMENT_TEAM = M28B8923AA;
				INFOPLIST_FILE = FetchRewards/Info.plist;
				LD_RUNPATH_SEARCH_PATHS = (
					"$(inherited)",
					"@executable_path/Frameworks",
				);
				ONLY_ACTIVE_ARCH = NO;
				PRODUCT_BUNDLE_IDENTIFIER = com.lawrencedizon.FetchRewards;
				PRODUCT_NAME = "$(TARGET_NAME)";
				SWIFT_VERSION = 5.0;
				TARGETED_DEVICE_FAMILY = "1,2";
			};
			name = Release;
		};
/* End XCBuildConfiguration section */

/* Begin XCConfigurationList section */
		908429F9267184030061485E /* Build configuration list for PBXNativeTarget "FetchRewardsTests" */ = {
			isa = XCConfigurationList;
			buildConfigurations = (
				908429FA267184030061485E /* Debug */,
				908429FB267184030061485E /* Release */,
			);
			defaultConfigurationIsVisible = 0;
			defaultConfigurationName = Release;
		};
		90BEB1AA266FE7A3006ECD93 /* Build configuration list for PBXProject "FetchRewards" */ = {
			isa = XCConfigurationList;
			buildConfigurations = (
				90BEB1DA266FE7A7006ECD93 /* Debug */,
				90BEB1DB266FE7A7006ECD93 /* Release */,
			);
			defaultConfigurationIsVisible = 0;
			defaultConfigurationName = Release;
		};
		90BEB1DC266FE7A7006ECD93 /* Build configuration list for PBXNativeTarget "FetchRewards" */ = {
			isa = XCConfigurationList;
			buildConfigurations = (
				90BEB1DD266FE7A7006ECD93 /* Debug */,
				90BEB1DE266FE7A7006ECD93 /* Release */,
			);
			defaultConfigurationIsVisible = 0;
			defaultConfigurationName = Release;
		};
/* End XCConfigurationList section */
	};
	rootObject = 90BEB1A7266FE7A3006ECD93 /* Project object */;
}
